
Microsoft Visual Studio Solution File, Format Version 12.00
# Visual Studio Version 16
VisualStudioVersion = 16.0.31702.278
MinimumVisualStudioVersion = 10.0.40219.1
Project("{FAE04EC0-301F-11D3-BF4B-00C04F79EFBC}") = "Health-Checker.Android", "Health-Checker.Android\Health-Checker.Android.csproj", "{E7160619-DDBB-487C-AB6C-7A26C5FE133C}"
EndProject
Project("{FAE04EC0-301F-11D3-BF4B-00C04F79EFBC}") = "Health-Checker.iOS", "Health-Checker.iOS\Health-Checker.iOS.csproj", "{5B8BDF11-9105-4004-AB59-A377FB69657E}"
EndProject
Project("{FAE04EC0-301F-11D3-BF4B-00C04F79EFBC}") = "Health-Checker", "Health-Checker\Health-Checker.csproj", "{4723FBAD-00A2-47BA-B3B3-941594475748}"
EndProject
Global
	GlobalSection(SolutionConfigurationPlatforms) = preSolution
		Debug|Any CPU = Debug|Any CPU
		Debug|iPhone = Debug|iPhone
		Debug|iPhoneSimulator = Debug|iPhoneSimulator
		Release|Any CPU = Release|Any CPU
		Release|iPhone = Release|iPhone
		Release|iPhoneSimulator = Release|iPhoneSimulator
	EndGlobalSection
	GlobalSection(ProjectConfigurationPlatforms) = postSolution
		{E7160619-DDBB-487C-AB6C-7A26C5FE133C}.Debug|Any CPU.ActiveCfg = Debug|Any CPU
		{E7160619-DDBB-487C-AB6C-7A26C5FE133C}.Debug|Any CPU.Build.0 = Debug|Any CPU
		{E7160619-DDBB-487C-AB6C-7A26C5FE133C}.Debug|Any CPU.Deploy.0 = Debug|Any CPU
		{E7160619-DDBB-487C-AB6C-7A26C5FE133C}.Debug|iPhone.ActiveCfg = Debug|Any CPU
		{E7160619-DDBB-487C-AB6C-7A26C5FE133C}.Debug|iPhone.Build.0 = Debug|Any CPU
		{E7160619-DDBB-487C-AB6C-7A26C5FE133C}.Debug|iPhone.Deploy.0 = Debug|Any CPU
		{E7160619-DDBB-487C-AB6C-7A26C5FE133C}.Debug|iPhoneSimulator.ActiveCfg = Debug|Any CPU
		{E7160619-DDBB-487C-AB6C-7A26C5FE133C}.Debug|iPhoneSimulator.Build.0 = Debug|Any CPU
		{E7160619-DDBB-487C-AB6C-7A26C5FE133C}.Debug|iPhoneSimulator.Deploy.0 = Debug|Any CPU
		{E7160619-DDBB-487C-AB6C-7A26C5FE133C}.Release|Any CPU.ActiveCfg = Release|Any CPU
		{E7160619-DDBB-487C-AB6C-7A26C5FE133C}.Release|Any CPU.Build.0 = Release|Any CPU
		{E7160619-DDBB-487C-AB6C-7A26C5FE133C}.Release|Any CPU.Deploy.0 = Release|Any CPU
		{E7160619-DDBB-487C-AB6C-7A26C5FE133C}.Release|iPhone.ActiveCfg = Release|Any CPU
		{E7160619-DDBB-487C-AB6C-7A26C5FE133C}.Release|iPhone.Build.0 = Release|Any CPU
		{E7160619-DDBB-487C-AB6C-7A26C5FE133C}.Release|iPhone.Deploy.0 = Release|Any CPU
		{E7160619-DDBB-487C-AB6C-7A26C5FE133C}.Release|iPhoneSimulator.ActiveCfg = Release|Any CPU
		{E7160619-DDBB-487C-AB6C-7A26C5FE133C}.Release|iPhoneSimulator.Build.0 = Release|Any CPU
		{E7160619-DDBB-487C-AB6C-7A26C5FE133C}.Release|iPhoneSimulator.Deploy.0 = Release|Any CPU
		{5B8BDF11-9105-4004-AB59-A377FB69657E}.Debug|Any CPU.ActiveCfg = Debug|iPhone
		{5B8BDF11-9105-4004-AB59-A377FB69657E}.Debug|Any CPU.Build.0 = Debug|iPhone
		{5B8BDF11-9105-4004-AB59-A377FB69657E}.Debug|Any CPU.Deploy.0 = Debug|iPhone
		{5B8BDF11-9105-4004-AB59-A377FB69657E}.Debug|iPhone.ActiveCfg = Debug|iPhone
		{5B8BDF11-9105-4004-AB59-A377FB69657E}.Debug|iPhone.Build.0 = Debug|iPhone
		{5B8BDF11-9105-4004-AB59-A377FB69657E}.Debug|iPhone.Deploy.0 = Debug|iPhone
		{5B8BDF11-9105-4004-AB59-A377FB69657E}.Debug|iPhoneSimulator.ActiveCfg = Debug|iPhoneSimulator
		{5B8BDF11-9105-4004-AB59-A377FB69657E}.Debug|iPhoneSimulator.Build.0 = Debug|iPhoneSimulator
		{5B8BDF11-9105-4004-AB59-A377FB69657E}.Debug|iPhoneSimulator.Deploy.0 = Debug|iPhoneSimulator
		{5B8BDF11-9105-4004-AB59-A377FB69657E}.Release|Any CPU.ActiveCfg = Release|iPhoneSimulator
		{5B8BDF11-9105-4004-AB59-A377FB69657E}.Release|Any CPU.Build.0 = Release|iPhoneSimulator
		{5B8BDF11-9105-4004-AB59-A377FB69657E}.Release|Any CPU.Deploy.0 = Release|iPhoneSimulator
		{5B8BDF11-9105-4004-AB59-A377FB69657E}.Release|iPhone.ActiveCfg = Release|iPhone
		{5B8BDF11-9105-4004-AB59-A377FB69657E}.Release|iPhone.Build.0 = Release|iPhone
		{5B8BDF11-9105-4004-AB59-A377FB69657E}.Release|iPhone.Deploy.0 = Release|iPhone
		{5B8BDF11-9105-4004-AB59-A377FB69657E}.Release|iPhoneSimulator.ActiveCfg = Release|iPhoneSimulator
		{5B8BDF11-9105-4004-AB59-A377FB69657E}.Release|iPhoneSimulator.Build.0 = Release|iPhoneSimulator
		{5B8BDF11-9105-4004-AB59-A377FB69657E}.Release|iPhoneSimulator.Deploy.0 = Release|iPhoneSimulator
		{4723FBAD-00A2-47BA-B3B3-941594475748}.Debug|Any CPU.ActiveCfg = Debug|Any CPU
		{4723FBAD-00A2-47BA-B3B3-941594475748}.Debug|Any CPU.Build.0 = Debug|Any CPU
		{4723FBAD-00A2-47BA-B3B3-941594475748}.Debug|Any CPU.Deploy.0 = Debug|Any CPU
		{4723FBAD-00A2-47BA-B3B3-941594475748}.Debug|iPhone.ActiveCfg = Debug|Any CPU
		{4723FBAD-00A2-47BA-B3B3-941594475748}.Debug|iPhone.Build.0 = Debug|Any CPU
		{4723FBAD-00A2-47BA-B3B3-941594475748}.Debug|iPhone.Deploy.0 = Debug|Any CPU
		{4723FBAD-00A2-47BA-B3B3-941594475748}.Debug|iPhoneSimulator.ActiveCfg = Debug|Any CPU
		{4723FBAD-00A2-47BA-B3B3-941594475748}.Debug|iPhoneSimulator.Build.0 = Debug|Any CPU
		{4723FBAD-00A2-47BA-B3B3-941594475748}.Debug|iPhoneSimulator.Deploy.0 = Debug|Any CPU
		{4723FBAD-00A2-47BA-B3B3-941594475748}.Release|Any CPU.ActiveCfg = Release|Any CPU
		{4723FBAD-00A2-47BA-B3B3-941594475748}.Release|Any CPU.Build.0 = Release|Any CPU
		{4723FBAD-00A2-47BA-B3B3-941594475748}.Release|Any CPU.Deploy.0 = Release|Any CPU
		{4723FBAD-00A2-47BA-B3B3-941594475748}.Release|iPhone.ActiveCfg = Release|Any CPU
		{4723FBAD-00A2-47BA-B3B3-941594475748}.Release|iPhone.Build.0 = Release|Any CPU
		{4723FBAD-00A2-47BA-B3B3-941594475748}.Release|iPhone.Deploy.0 = Release|Any CPU
		{4723FBAD-00A2-47BA-B3B3-941594475748}.Release|iPhoneSimulator.ActiveCfg = Release|Any CPU
		{4723FBAD-00A2-47BA-B3B3-941594475748}.Release|iPhoneSimulator.Build.0 = Release|Any CPU
		{4723FBAD-00A2-47BA-B3B3-941594475748}.Release|iPhoneSimulator.Deploy.0 = Release|Any CPU
	EndGlobalSection
	GlobalSection(SolutionProperties) = preSolution
		HideSolutionNode = FALSE
	EndGlobalSection
	GlobalSection(ExtensibilityGlobals) = postSolution
		SolutionGuid = {99639F2A-1D57-47BF-8C6F-93C2EA9514E2}
	EndGlobalSection
EndGlobal
