
Microsoft Visual Studio Solution File, Format Version 12.00
# Visual Studio Version 16
VisualStudioVersion = 16.0.31702.278
MinimumVisualStudioVersion = 10.0.40219.1
Project("{FAE04EC0-301F-11D3-BF4B-00C04F79EFBC}") = "SP.Android", "SP.Android\SP.Android.csproj", "{FD6CB04C-1E43-4AC1-A7EE-E97FD50047C3}"
EndProject
Project("{FAE04EC0-301F-11D3-BF4B-00C04F79EFBC}") = "SP.iOS", "SP.iOS\SP.iOS.csproj", "{728818F1-14F7-417C-8182-E8EFE23882BF}"
EndProject
Project("{FAE04EC0-301F-11D3-BF4B-00C04F79EFBC}") = "SP", "SP\SP.csproj", "{5EB832B3-197C-4B87-A6FD-962CB47A7BD9}"
EndProject
Global
	GlobalSection(SolutionConfigurationPlatforms) = preSolution
		Debug|Any CPU = Debug|Any CPU
		Debug|iPhone = Debug|iPhone
		Debug|iPhoneSimulator = Debug|iPhoneSimulator
		Release|Any CPU = Release|Any CPU
		Release|iPhone = Release|iPhone
		Release|iPhoneSimulator = Release|iPhoneSimulator
	EndGlobalSection
	GlobalSection(ProjectConfigurationPlatforms) = postSolution
		{FD6CB04C-1E43-4AC1-A7EE-E97FD50047C3}.Debug|Any CPU.ActiveCfg = Debug|Any CPU
		{FD6CB04C-1E43-4AC1-A7EE-E97FD50047C3}.Debug|Any CPU.Build.0 = Debug|Any CPU
		{FD6CB04C-1E43-4AC1-A7EE-E97FD50047C3}.Debug|Any CPU.Deploy.0 = Debug|Any CPU
		{FD6CB04C-1E43-4AC1-A7EE-E97FD50047C3}.Debug|iPhone.ActiveCfg = Debug|Any CPU
		{FD6CB04C-1E43-4AC1-A7EE-E97FD50047C3}.Debug|iPhone.Build.0 = Debug|Any CPU
		{FD6CB04C-1E43-4AC1-A7EE-E97FD50047C3}.Debug|iPhone.Deploy.0 = Debug|Any CPU
		{FD6CB04C-1E43-4AC1-A7EE-E97FD50047C3}.Debug|iPhoneSimulator.ActiveCfg = Debug|Any CPU
		{FD6CB04C-1E43-4AC1-A7EE-E97FD50047C3}.Debug|iPhoneSimulator.Build.0 = Debug|Any CPU
		{FD6CB04C-1E43-4AC1-A7EE-E97FD50047C3}.Debug|iPhoneSimulator.Deploy.0 = Debug|Any CPU
		{FD6CB04C-1E43-4AC1-A7EE-E97FD50047C3}.Release|Any CPU.ActiveCfg = Release|Any CPU
		{FD6CB04C-1E43-4AC1-A7EE-E97FD50047C3}.Release|Any CPU.Build.0 = Release|Any CPU
		{FD6CB04C-1E43-4AC1-A7EE-E97FD50047C3}.Release|Any CPU.Deploy.0 = Release|Any CPU
		{FD6CB04C-1E43-4AC1-A7EE-E97FD50047C3}.Release|iPhone.ActiveCfg = Release|Any CPU
		{FD6CB04C-1E43-4AC1-A7EE-E97FD50047C3}.Release|iPhone.Build.0 = Release|Any CPU
		{FD6CB04C-1E43-4AC1-A7EE-E97FD50047C3}.Release|iPhone.Deploy.0 = Release|Any CPU
		{FD6CB04C-1E43-4AC1-A7EE-E97FD50047C3}.Release|iPhoneSimulator.ActiveCfg = Release|Any CPU
		{FD6CB04C-1E43-4AC1-A7EE-E97FD50047C3}.Release|iPhoneSimulator.Build.0 = Release|Any CPU
		{FD6CB04C-1E43-4AC1-A7EE-E97FD50047C3}.Release|iPhoneSimulator.Deploy.0 = Release|Any CPU
		{728818F1-14F7-417C-8182-E8EFE23882BF}.Debug|Any CPU.ActiveCfg = Debug|iPhone
		{728818F1-14F7-417C-8182-E8EFE23882BF}.Debug|Any CPU.Build.0 = Debug|iPhone
		{728818F1-14F7-417C-8182-E8EFE23882BF}.Debug|Any CPU.Deploy.0 = Debug|iPhone
		{728818F1-14F7-417C-8182-E8EFE23882BF}.Debug|iPhone.ActiveCfg = Debug|iPhone
		{728818F1-14F7-417C-8182-E8EFE23882BF}.Debug|iPhone.Build.0 = Debug|iPhone
		{728818F1-14F7-417C-8182-E8EFE23882BF}.Debug|iPhone.Deploy.0 = Debug|iPhone
		{728818F1-14F7-417C-8182-E8EFE23882BF}.Debug|iPhoneSimulator.ActiveCfg = Debug|iPhoneSimulator
		{728818F1-14F7-417C-8182-E8EFE23882BF}.Debug|iPhoneSimulator.Build.0 = Debug|iPhoneSimulator
		{728818F1-14F7-417C-8182-E8EFE23882BF}.Debug|iPhoneSimulator.Deploy.0 = Debug|iPhoneSimulator
		{728818F1-14F7-417C-8182-E8EFE23882BF}.Release|Any CPU.ActiveCfg = Release|iPhoneSimulator
		{728818F1-14F7-417C-8182-E8EFE23882BF}.Release|Any CPU.Build.0 = Release|iPhoneSimulator
		{728818F1-14F7-417C-8182-E8EFE23882BF}.Release|Any CPU.Deploy.0 = Release|iPhoneSimulator
		{728818F1-14F7-417C-8182-E8EFE23882BF}.Release|iPhone.ActiveCfg = Release|iPhone
		{728818F1-14F7-417C-8182-E8EFE23882BF}.Release|iPhone.Build.0 = Release|iPhone
		{728818F1-14F7-417C-8182-E8EFE23882BF}.Release|iPhone.Deploy.0 = Release|iPhone
		{728818F1-14F7-417C-8182-E8EFE23882BF}.Release|iPhoneSimulator.ActiveCfg = Release|iPhoneSimulator
		{728818F1-14F7-417C-8182-E8EFE23882BF}.Release|iPhoneSimulator.Build.0 = Release|iPhoneSimulator
		{728818F1-14F7-417C-8182-E8EFE23882BF}.Release|iPhoneSimulator.Deploy.0 = Release|iPhoneSimulator
		{5EB832B3-197C-4B87-A6FD-962CB47A7BD9}.Debug|Any CPU.ActiveCfg = Debug|Any CPU
		{5EB832B3-197C-4B87-A6FD-962CB47A7BD9}.Debug|Any CPU.Build.0 = Debug|Any CPU
		{5EB832B3-197C-4B87-A6FD-962CB47A7BD9}.Debug|Any CPU.Deploy.0 = Debug|Any CPU
		{5EB832B3-197C-4B87-A6FD-962CB47A7BD9}.Debug|iPhone.ActiveCfg = Debug|Any CPU
		{5EB832B3-197C-4B87-A6FD-962CB47A7BD9}.Debug|iPhone.Build.0 = Debug|Any CPU
		{5EB832B3-197C-4B87-A6FD-962CB47A7BD9}.Debug|iPhone.Deploy.0 = Debug|Any CPU
		{5EB832B3-197C-4B87-A6FD-962CB47A7BD9}.Debug|iPhoneSimulator.ActiveCfg = Debug|Any CPU
		{5EB832B3-197C-4B87-A6FD-962CB47A7BD9}.Debug|iPhoneSimulator.Build.0 = Debug|Any CPU
		{5EB832B3-197C-4B87-A6FD-962CB47A7BD9}.Debug|iPhoneSimulator.Deploy.0 = Debug|Any CPU
		{5EB832B3-197C-4B87-A6FD-962CB47A7BD9}.Release|Any CPU.ActiveCfg = Release|Any CPU
		{5EB832B3-197C-4B87-A6FD-962CB47A7BD9}.Release|Any CPU.Build.0 = Release|Any CPU
		{5EB832B3-197C-4B87-A6FD-962CB47A7BD9}.Release|Any CPU.Deploy.0 = Release|Any CPU
		{5EB832B3-197C-4B87-A6FD-962CB47A7BD9}.Release|iPhone.ActiveCfg = Release|Any CPU
		{5EB832B3-197C-4B87-A6FD-962CB47A7BD9}.Release|iPhone.Build.0 = Release|Any CPU
		{5EB832B3-197C-4B87-A6FD-962CB47A7BD9}.Release|iPhone.Deploy.0 = Release|Any CPU
		{5EB832B3-197C-4B87-A6FD-962CB47A7BD9}.Release|iPhoneSimulator.ActiveCfg = Release|Any CPU
		{5EB832B3-197C-4B87-A6FD-962CB47A7BD9}.Release|iPhoneSimulator.Build.0 = Release|Any CPU
		{5EB832B3-197C-4B87-A6FD-962CB47A7BD9}.Release|iPhoneSimulator.Deploy.0 = Release|Any CPU
	EndGlobalSection
	GlobalSection(SolutionProperties) = preSolution
		HideSolutionNode = FALSE
	EndGlobalSection
	GlobalSection(ExtensibilityGlobals) = postSolution
		SolutionGuid = {C7FAB64B-B735-43E0-A17D-79F1454D1AA7}
	EndGlobalSection
EndGlobal
